
Microsoft Visual Studio Solution File, Format Version 12.00
# Visual Studio Version 17
VisualStudioVersion = 17.0.31912.275
MinimumVisualStudioVersion = 10.0.40219.1
Project("{FAE04EC0-301F-11D3-BF4B-00C04F79EFBC}") = "ProductsApi", "ProductsApi\ProductsApi.csproj", "{89CD58F2-697F-49B1-954E-6D1D4FB225B4}"
EndProject
Global
	GlobalSection(SolutionConfigurationPlatforms) = preSolution
		Debug|Any CPU = Debug|Any CPU
		Release|Any CPU = Release|Any CPU
	EndGlobalSection
	GlobalSection(ProjectConfigurationPlatforms) = postSolution
		{89CD58F2-697F-49B1-954E-6D1D4FB225B4}.Debug|Any CPU.ActiveCfg = Debug|Any CPU
		{89CD58F2-697F-49B1-954E-6D1D4FB225B4}.Debug|Any CPU.Build.0 = Debug|Any CPU
		{89CD58F2-697F-49B1-954E-6D1D4FB225B4}.Release|Any CPU.ActiveCfg = Release|Any CPU
		{89CD58F2-697F-49B1-954E-6D1D4FB225B4}.Release|Any CPU.Build.0 = Release|Any CPU
	EndGlobalSection
	GlobalSection(SolutionProperties) = preSolution
		HideSolutionNode = FALSE
	EndGlobalSection
	GlobalSection(ExtensibilityGlobals) = postSolution
		SolutionGuid = {3A8B42DF-BB64-4F2E-B30A-8281ECA2DA81}
	EndGlobalSection
EndGlobal
